
Microsoft Visual Studio Solution File, Format Version 12.00
# Visual Studio 15
VisualStudioVersion = 15.0.27703.2035
MinimumVisualStudioVersion = 10.0.40219.1
Project("{FAE04EC0-301F-11D3-BF4B-00C04F79EFBC}") = "ScriptLibrary", "ScriptLibrary\ScriptLibrary.csproj", "{9E60AD1B-4F0B-403D-8BA6-C19DA68FC8D1}"
EndProject
Project("{FAE04EC0-301F-11D3-BF4B-00C04F79EFBC}") = "NAS", "NAS\NAS.csproj", "{5222C430-ADE1-4EFA-B50B-C1B98FFE2F25}"
EndProject
Global
	GlobalSection(SolutionConfigurationPlatforms) = preSolution
		Debug|Any CPU = Debug|Any CPU
		Release|Any CPU = Release|Any CPU
	EndGlobalSection
	GlobalSection(ProjectConfigurationPlatforms) = postSolution
		{9E60AD1B-4F0B-403D-8BA6-C19DA68FC8D1}.Debug|Any CPU.ActiveCfg = Debug|Any CPU
		{9E60AD1B-4F0B-403D-8BA6-C19DA68FC8D1}.Debug|Any CPU.Build.0 = Debug|Any CPU
		{9E60AD1B-4F0B-403D-8BA6-C19DA68FC8D1}.Release|Any CPU.ActiveCfg = Release|Any CPU
		{9E60AD1B-4F0B-403D-8BA6-C19DA68FC8D1}.Release|Any CPU.Build.0 = Release|Any CPU
		{5222C430-ADE1-4EFA-B50B-C1B98FFE2F25}.Debug|Any CPU.ActiveCfg = Debug|Any CPU
		{5222C430-ADE1-4EFA-B50B-C1B98FFE2F25}.Debug|Any CPU.Build.0 = Debug|Any CPU
		{5222C430-ADE1-4EFA-B50B-C1B98FFE2F25}.Release|Any CPU.ActiveCfg = Release|Any CPU
		{5222C430-ADE1-4EFA-B50B-C1B98FFE2F25}.Release|Any CPU.Build.0 = Release|Any CPU
	EndGlobalSection
	GlobalSection(SolutionProperties) = preSolution
		HideSolutionNode = FALSE
	EndGlobalSection
	GlobalSection(ExtensibilityGlobals) = postSolution
		SolutionGuid = {6D48878C-A872-4CCF-BA63-9C7EA0F50561}
	EndGlobalSection
EndGlobal
